
Microsoft Visual Studio Solution File, Format Version 12.00
# Visual Studio Version 17
VisualStudioVersion = 17.2.32616.157
MinimumVisualStudioVersion = 10.0.40219.1
Project("{8BC9CEB8-8B4A-11D0-8D11-00A0C91BC942}") = "running_with_rifles_hack", "running_with_rifles_hack.vcxproj", "{CEA558E0-E321-4D03-A282-7DEC86D697E0}"
EndProject
Global
	GlobalSection(SolutionConfigurationPlatforms) = preSolution
		Debug|x64 = Debug|x64
		Debug|x86 = Debug|x86
		Release|x64 = Release|x64
		Release|x86 = Release|x86
	EndGlobalSection
	GlobalSection(ProjectConfigurationPlatforms) = postSolution
		{CEA558E0-E321-4D03-A282-7DEC86D697E0}.Debug|x64.ActiveCfg = Debug|x64
		{CEA558E0-E321-4D03-A282-7DEC86D697E0}.Debug|x64.Build.0 = Debug|x64
		{CEA558E0-E321-4D03-A282-7DEC86D697E0}.Debug|x86.ActiveCfg = Debug|Win32
		{CEA558E0-E321-4D03-A282-7DEC86D697E0}.Debug|x86.Build.0 = Debug|Win32
		{CEA558E0-E321-4D03-A282-7DEC86D697E0}.Release|x64.ActiveCfg = Release|x64
		{CEA558E0-E321-4D03-A282-7DEC86D697E0}.Release|x64.Build.0 = Release|x64
		{CEA558E0-E321-4D03-A282-7DEC86D697E0}.Release|x86.ActiveCfg = Release|Win32
		{CEA558E0-E321-4D03-A282-7DEC86D697E0}.Release|x86.Build.0 = Release|Win32
	EndGlobalSection
	GlobalSection(SolutionProperties) = preSolution
		HideSolutionNode = FALSE
	EndGlobalSection
	GlobalSection(ExtensibilityGlobals) = postSolution
		SolutionGuid = {BB30A6FB-E81B-477E-AA4A-95E2219C5366}
	EndGlobalSection
EndGlobal
